// !$*UTF8*$!
{
	archiveVersion = 1;
	classes = {
	};
	objectVersion = 50;
	objects = {

/* Begin PBXBuildFile section */
		27E60B8425C3F9A700B8E3CC /* AppDelegate.swift in Sources */ = {isa = PBXBuildFile; fileRef = 27E60B8325C3F9A700B8E3CC /* AppDelegate.swift */; };
		27E60B8625C3F9A700B8E3CC /* SceneDelegate.swift in Sources */ = {isa = PBXBuildFile; fileRef = 27E60B8525C3F9A700B8E3CC /* SceneDelegate.swift */; };
		27E60B8825C3F9A700B8E3CC /* ViewController.swift in Sources */ = {isa = PBXBuildFile; fileRef = 27E60B8725C3F9A700B8E3CC /* ViewController.swift */; };
		27E60B8B25C3F9A700B8E3CC /* Main.storyboard in Resources */ = {isa = PBXBuildFile; fileRef = 27E60B8925C3F9A700B8E3CC /* Main.storyboard */; };
		27E60B8D25C3F9A900B8E3CC /* Assets.xcassets in Resources */ = {isa = PBXBuildFile; fileRef = 27E60B8C25C3F9A900B8E3CC /* Assets.xcassets */; };
		27E60B9025C3F9A900B8E3CC /* LaunchScreen.storyboard in Resources */ = {isa = PBXBuildFile; fileRef = 27E60B8E25C3F9A900B8E3CC /* LaunchScreen.storyboard */; };
/* End PBXBuildFile section */

/* Begin PBXFileReference section */
		27E60B8025C3F9A700B8E3CC /* test_rsa.app */ = {isa = PBXFileReference; explicitFileType = wrapper.application; includeInIndex = 0; path = test_rsa.app; sourceTree = BUILT_PRODUCTS_DIR; };
		27E60B8325C3F9A700B8E3CC /* AppDelegate.swift */ = {isa = PBXFileReference; lastKnownFileType = sourcecode.swift; path = AppDelegate.swift; sourceTree = "<group>"; };
		27E60B8525C3F9A700B8E3CC /* SceneDelegate.swift */ = {isa = PBXFileReference; lastKnownFileType = sourcecode.swift; path = SceneDelegate.swift; sourceTree = "<group>"; };
		27E60B8725C3F9A700B8E3CC /* ViewController.swift */ = {isa = PBXFileReference; lastKnownFileType = sourcecode.swift; path = ViewController.swift; sourceTree = "<group>"; };
		27E60B8A25C3F9A700B8E3CC /* Base */ = {isa = PBXFileReference; lastKnownFileType = file.storyboard; name = Base; path = Base.lproj/Main.storyboard; sourceTree = "<group>"; };
		27E60B8C25C3F9A900B8E3CC /* Assets.xcassets */ = {isa = PBXFileReference; lastKnownFileType = folder.assetcatalog; path = Assets.xcassets; sourceTree = "<group>"; };
		27E60B8F25C3F9A900B8E3CC /* Base */ = {isa = PBXFileReference; lastKnownFileType = file.storyboard; name = Base; path = Base.lproj/LaunchScreen.storyboard; sourceTree = "<group>"; };
		27E60B9125C3F9A900B8E3CC /* Info.plist */ = {isa = PBXFileReference; lastKnownFileType = text.plist.xml; path = Info.plist; sourceTree = "<group>"; };
/* End PBXFileReference section */

/* Begin PBXFrameworksBuildPhase section */
		27E60B7D25C3F9A700B8E3CC /* Frameworks */ = {
			isa = PBXFrameworksBuildPhase;
			buildActionMask = 2147483647;
			files = (
			);
			runOnlyForDeploymentPostprocessing = 0;
		};
/* End PBXFrameworksBuildPhase section */

/* Begin PBXGroup section */
		27E60B7725C3F9A700B8E3CC = {
			isa = PBXGroup;
			children = (
				27E60B8225C3F9A700B8E3CC /* test_rsa */,
				27E60B8125C3F9A700B8E3CC /* Products */,
			);
			sourceTree = "<group>";
		};
		27E60B8125C3F9A700B8E3CC /* Products */ = {
			isa = PBXGroup;
			children = (
				27E60B8025C3F9A700B8E3CC /* test_rsa.app */,
			);
			name = Products;
			sourceTree = "<group>";
		};
		27E60B8225C3F9A700B8E3CC /* test_rsa */ = {
			isa = PBXGroup;
			children = (
				27E60B8325C3F9A700B8E3CC /* AppDelegate.swift */,
				27E60B8525C3F9A700B8E3CC /* SceneDelegate.swift */,
				27E60B8725C3F9A700B8E3CC /* ViewController.swift */,
				27E60B8925C3F9A700B8E3CC /* Main.storyboard */,
				27E60B8C25C3F9A900B8E3CC /* Assets.xcassets */,
				27E60B8E25C3F9A900B8E3CC /* LaunchScreen.storyboard */,
				27E60B9125C3F9A900B8E3CC /* Info.plist */,
			);
			path = test_rsa;
			sourceTree = "<group>";
		};
/* End PBXGroup section */

/* Begin PBXNativeTarget section */
		27E60B7F25C3F9A700B8E3CC /* test_rsa */ = {
			isa = PBXNativeTarget;
			buildConfigurationList = 27E60B9425C3F9A900B8E3CC /* Build configuration list for PBXNativeTarget "test_rsa" */;
			buildPhases = (
				27E60B7C25C3F9A700B8E3CC /* Sources */,
				27E60B7D25C3F9A700B8E3CC /* Frameworks */,
				27E60B7E25C3F9A700B8E3CC /* Resources */,
			);
			buildRules = (
			);
			dependencies = (
			);
			name = test_rsa;
			productName = test_rsa;
			productReference = 27E60B8025C3F9A700B8E3CC /* test_rsa.app */;
			productType = "com.apple.product-type.application";
		};
/* End PBXNativeTarget section */

/* Begin PBXProject section */
		27E60B7825C3F9A700B8E3CC /* Project object */ = {
			isa = PBXProject;
			attributes = {
				LastSwiftUpdateCheck = 1230;
				LastUpgradeCheck = 1230;
				TargetAttributes = {
					27E60B7F25C3F9A700B8E3CC = {
						CreatedOnToolsVersion = 12.3;
					};
				};
			};
			buildConfigurationList = 27E60B7B25C3F9A700B8E3CC /* Build configuration list for PBXProject "test_rsa" */;
			compatibilityVersion = "Xcode 9.3";
			developmentRegion = en;
			hasScannedForEncodings = 0;
			knownRegions = (
				en,
				Base,
			);
			mainGroup = 27E60B7725C3F9A700B8E3CC;
			productRefGroup = 27E60B8125C3F9A700B8E3CC /* Products */;
			projectDirPath = "";
			projectRoot = "";
			targets = (
				27E60B7F25C3F9A700B8E3CC /* test_rsa */,
			);
		};
/* End PBXProject section */

/* Begin PBXResourcesBuildPhase section */
		27E60B7E25C3F9A700B8E3CC /* Resources */ = {
			isa = PBXResourcesBuildPhase;
			buildActionMask = 2147483647;
			files = (
				27E60B9025C3F9A900B8E3CC /* LaunchScreen.storyboard in Resources */,
				27E60B8D25C3F9A900B8E3CC /* Assets.xcassets in Resources */,
				27E60B8B25C3F9A700B8E3CC /* Main.storyboard in Resources */,
			);
			runOnlyForDeploymentPostprocessing = 0;
		};
/* End PBXResourcesBuildPhase section */

/* Begin PBXSourcesBuildPhase section */
		27E60B7C25C3F9A700B8E3CC /* Sources */ = {
			isa = PBXSourcesBuildPhase;
			buildActionMask = 2147483647;
			files = (
				27E60B8825C3F9A700B8E3CC /* ViewController.swift in Sources */,
				27E60B8425C3F9A700B8E3CC /* AppDelegate.swift in Sources */,
				27E60B8625C3F9A700B8E3CC /* SceneDelegate.swift in Sources */,
			);
			runOnlyForDeploymentPostprocessing = 0;
		};
/* End PBXSourcesBuildPhase section */

/* Begin PBXVariantGroup section */
		27E60B8925C3F9A700B8E3CC /* Main.storyboard */ = {
			isa = PBXVariantGroup;
			children = (
				27E60B8A25C3F9A700B8E3CC /* Base */,
			);
			name = Main.storyboard;
			sourceTree = "<group>";
		};
		27E60B8E25C3F9A900B8E3CC /* LaunchScreen.storyboard */ = {
			isa = PBXVariantGroup;
			children = (
				27E60B8F25C3F9A900B8E3CC /* Base */,
			);
			name = LaunchScreen.storyboard;
			sourceTree = "<group>";
		};
/* End PBXVariantGroup section */

/* Begin XCBuildConfiguration section */
		27E60B9225C3F9A900B8E3CC /* Debug */ = {
			isa = XCBuildConfiguration;
			buildSettings = {
				ALWAYS_SEARCH_USER_PATHS = NO;
				CLANG_ANALYZER_NONNULL = YES;
				CLANG_ANALYZER_NUMBER_OBJECT_CONVERSION = YES_AGGRESSIVE;
				CLANG_CXX_LANGUAGE_STANDARD = "gnu++14";
				CLANG_CXX_LIBRARY = "libc++";
				CLANG_ENABLE_MODULES = YES;
				CLANG_ENABLE_OBJC_ARC = YES;
				CLANG_ENABLE_OBJC_WEAK = YES;
				CLANG_WARN_BLOCK_CAPTURE_AUTORELEASING = YES;
				CLANG_WARN_BOOL_CONVERSION = YES;
				CLANG_WARN_COMMA = YES;
				CLANG_WARN_CONSTANT_CONVERSION = YES;
				CLANG_WARN_DEPRECATED_OBJC_IMPLEMENTATIONS = YES;
				CLANG_WARN_DIRECT_OBJC_ISA_USAGE = YES_ERROR;
				CLANG_WARN_DOCUMENTATION_COMMENTS = YES;
				CLANG_WARN_EMPTY_BODY = YES;
				CLANG_WARN_ENUM_CONVERSION = YES;
				CLANG_WARN_INFINITE_RECURSION = YES;
				CLANG_WARN_INT_CONVERSION = YES;
				CLANG_WARN_NON_LITERAL_NULL_CONVERSION = YES;
				CLANG_WARN_OBJC_IMPLICIT_RETAIN_SELF = YES;
				CLANG_WARN_OBJC_LITERAL_CONVERSION = YES;
				CLANG_WARN_OBJC_ROOT_CLASS = YES_ERROR;
				CLANG_WARN_QUOTED_INCLUDE_IN_FRAMEWORK_HEADER = YES;
				CLANG_WARN_RANGE_LOOP_ANALYSIS = YES;
				CLANG_WARN_STRICT_PROTOTYPES = YES;
				CLANG_WARN_SUSPICIOUS_MOVE = YES;
				CLANG_WARN_UNGUARDED_AVAILABILITY = YES_AGGRESSIVE;
				CLANG_WARN_UNREACHABLE_CODE = YES;
				CLANG_WARN__DUPLICATE_METHOD_MATCH = YES;
				COPY_PHASE_STRIP = NO;
				DEBUG_INFORMATION_FORMAT = dwarf;
				ENABLE_STRICT_OBJC_MSGSEND = YES;
				ENABLE_TESTABILITY = YES;
				GCC_C_LANGUAGE_STANDARD = gnu11;
				GCC_DYNAMIC_NO_PIC = NO;
				GCC_NO_COMMON_BLOCKS = YES;
				GCC_OPTIMIZATION_LEVEL = 0;
				GCC_PREPROCESSOR_DEFINITIONS = (
					"DEBUG=1",
					"$(inherited)",
				);
				GCC_WARN_64_TO_32_BIT_CONVERSION = YES;
				GCC_WARN_ABOUT_RETURN_TYPE = YES_ERROR;
				GCC_WARN_UNDECLARED_SELECTOR = YES;
				GCC_WARN_UNINITIALIZED_AUTOS = YES_AGGRESSIVE;
				GCC_WARN_UNUSED_FUNCTION = YES;
				GCC_WARN_UNUSED_VARIABLE = YES;
				IPHONEOS_DEPLOYMENT_TARGET = 14.3;
				MTL_ENABLE_DEBUG_INFO = INCLUDE_SOURCE;
				MTL_FAST_MATH = YES;
				ONLY_ACTIVE_ARCH = YES;
				SDKROOT = iphoneos;
				SWIFT_ACTIVE_COMPILATION_CONDITIONS = DEBUG;
				SWIFT_OPTIMIZATION_LEVEL = "-Onone";
			};
			name = Debug;
		};
		27E60B9325C3F9A900B8E3CC /* Release */ = {
			isa = XCBuildConfiguration;
			buildSettings = {
				ALWAYS_SEARCH_USER_PATHS = NO;
				CLANG_ANALYZER_NONNULL = YES;
				CLANG_ANALYZER_NUMBER_OBJECT_CONVERSION = YES_AGGRESSIVE;
				CLANG_CXX_LANGUAGE_STANDARD = "gnu++14";
				CLANG_CXX_LIBRARY = "libc++";
				CLANG_ENABLE_MODULES = YES;
				CLANG_ENABLE_OBJC_ARC = YES;
				CLANG_ENABLE_OBJC_WEAK = YES;
				CLANG_WARN_BLOCK_CAPTURE_AUTORELEASING = YES;
				CLANG_WARN_BOOL_CONVERSION = YES;
				CLANG_WARN_COMMA = YES;
				CLANG_WARN_CONSTANT_CONVERSION = YES;
				CLANG_WARN_DEPRECATED_OBJC_IMPLEMENTATIONS = YES;
				CLANG_WARN_DIRECT_OBJC_ISA_USAGE = YES_ERROR;
				CLANG_WARN_DOCUMENTATION_COMMENTS = YES;
				CLANG_WARN_EMPTY_BODY = YES;
				CLANG_WARN_ENUM_CONVERSION = YES;
				CLANG_WARN_INFINITE_RECURSION = YES;
				CLANG_WARN_INT_CONVERSION = YES;
				CLANG_WARN_NON_LITERAL_NULL_CONVERSION = YES;
				CLANG_WARN_OBJC_IMPLICIT_RETAIN_SELF = YES;
				CLANG_WARN_OBJC_LITERAL_CONVERSION = YES;
				CLANG_WARN_OBJC_ROOT_CLASS = YES_ERROR;
				CLANG_WARN_QUOTED_INCLUDE_IN_FRAMEWORK_HEADER = YES;
				CLANG_WARN_RANGE_LOOP_ANALYSIS = YES;
				CLANG_WARN_STRICT_PROTOTYPES = YES;
				CLANG_WARN_SUSPICIOUS_MOVE = YES;
				CLANG_WARN_UNGUARDED_AVAILABILITY = YES_AGGRESSIVE;
				CLANG_WARN_UNREACHABLE_CODE = YES;
				CLANG_WARN__DUPLICATE_METHOD_MATCH = YES;
				COPY_PHASE_STRIP = NO;
				DEBUG_INFORMATION_FORMAT = "dwarf-with-dsym";
				ENABLE_NS_ASSERTIONS = NO;
				ENABLE_STRICT_OBJC_MSGSEND = YES;
				GCC_C_LANGUAGE_STANDARD = gnu11;
				GCC_NO_COMMON_BLOCKS = YES;
				GCC_WARN_64_TO_32_BIT_CONVERSION = YES;
				GCC_WARN_ABOUT_RETURN_TYPE = YES_ERROR;
				GCC_WARN_UNDECLARED_SELECTOR = YES;
				GCC_WARN_UNINITIALIZED_AUTOS = YES_AGGRESSIVE;
				GCC_WARN_UNUSED_FUNCTION = YES;
				GCC_WARN_UNUSED_VARIABLE = YES;
				IPHONEOS_DEPLOYMENT_TARGET = 14.3;
				MTL_ENABLE_DEBUG_INFO = NO;
				MTL_FAST_MATH = YES;
				SDKROOT = iphoneos;
				SWIFT_COMPILATION_MODE = wholemodule;
				SWIFT_OPTIMIZATION_LEVEL = "-O";
				VALIDATE_PRODUCT = YES;
			};
			name = Release;
		};
		27E60B9525C3F9A900B8E3CC /* Debug */ = {
			isa = XCBuildConfiguration;
			buildSettings = {
				ASSETCATALOG_COMPILER_APPICON_NAME = AppIcon;
				ASSETCATALOG_COMPILER_GLOBAL_ACCENT_COLOR_NAME = AccentColor;
				CODE_SIGN_STYLE = Automatic;
				DEVELOPMENT_TEAM = QQ482S29QV;
				INFOPLIST_FILE = test_rsa/Info.plist;
				LD_RUNPATH_SEARCH_PATHS = (
					"$(inherited)",
					"@executable_path/Frameworks",
				);
				PRODUCT_BUNDLE_IDENTIFIER = "yohoho.test-rsa";
				PRODUCT_NAME = "$(TARGET_NAME)";
				SWIFT_VERSION = 5.0;
				TARGETED_DEVICE_FAMILY = "1,2";
			};
			name = Debug;
		};
		27E60B9625C3F9A900B8E3CC /* Release */ = {
			isa = XCBuildConfiguration;
			buildSettings = {
				ASSETCATALOG_COMPILER_APPICON_NAME = AppIcon;
				ASSETCATALOG_COMPILER_GLOBAL_ACCENT_COLOR_NAME = AccentColor;
				CODE_SIGN_STYLE = Automatic;
				DEVELOPMENT_TEAM = QQ482S29QV;
				INFOPLIST_FILE = test_rsa/Info.plist;
				LD_RUNPATH_SEARCH_PATHS = (
					"$(inherited)",
					"@executable_path/Frameworks",
				);
				PRODUCT_BUNDLE_IDENTIFIER = "yohoho.test-rsa";
				PRODUCT_NAME = "$(TARGET_NAME)";
				SWIFT_VERSION = 5.0;
				TARGETED_DEVICE_FAMILY = "1,2";
			};
			name = Release;
		};
/* End XCBuildConfiguration section */

/* Begin XCConfigurationList section */
		27E60B7B25C3F9A700B8E3CC /* Build configuration list for PBXProject "test_rsa" */ = {
			isa = XCConfigurationList;
			buildConfigurations = (
				27E60B9225C3F9A900B8E3CC /* Debug */,
				27E60B9325C3F9A900B8E3CC /* Release */,
			);
			defaultConfigurationIsVisible = 0;
			defaultConfigurationName = Release;
		};
		27E60B9425C3F9A900B8E3CC /* Build configuration list for PBXNativeTarget "test_rsa" */ = {
			isa = XCConfigurationList;
			buildConfigurations = (
				27E60B9525C3F9A900B8E3CC /* Debug */,
				27E60B9625C3F9A900B8E3CC /* Release */,
			);
			defaultConfigurationIsVisible = 0;
			defaultConfigurationName = Release;
		};
/* End XCConfigurationList section */
	};
	rootObject = 27E60B7825C3F9A700B8E3CC /* Project object */;
}
